// !$*UTF8*$!
{
	archiveVersion = 1;
	classes = {
	};
	objectVersion = 46;
	objects = {

/* Begin PBXBuildFile section */
		7989417A1CC4FC9B00967E36 /* main.m in Sources */ = {isa = PBXBuildFile; fileRef = 798941791CC4FC9B00967E36 /* main.m */; };
		7989417D1CC4FC9B00967E36 /* AppDelegate.m in Sources */ = {isa = PBXBuildFile; fileRef = 7989417C1CC4FC9B00967E36 /* AppDelegate.m */; };
		798941801CC4FC9B00967E36 /* ViewController.m in Sources */ = {isa = PBXBuildFile; fileRef = 7989417F1CC4FC9B00967E36 /* ViewController.m */; };
		798941831CC4FC9B00967E36 /* Main.storyboard in Resources */ = {isa = PBXBuildFile; fileRef = 798941811CC4FC9B00967E36 /* Main.storyboard */; };
		798941851CC4FC9B00967E36 /* Assets.xcassets in Resources */ = {isa = PBXBuildFile; fileRef = 798941841CC4FC9B00967E36 /* Assets.xcassets */; };
		798941881CC4FC9B00967E36 /* LaunchScreen.storyboard in Resources */ = {isa = PBXBuildFile; fileRef = 798941861CC4FC9B00967E36 /* LaunchScreen.storyboard */; };
		798941931CC4FC9B00967E36 /* testTests.m in Sources */ = {isa = PBXBuildFile; fileRef = 798941921CC4FC9B00967E36 /* testTests.m */; };
		7989419E1CC4FC9B00967E36 /* testUITests.m in Sources */ = {isa = PBXBuildFile; fileRef = 7989419D1CC4FC9B00967E36 /* testUITests.m */; };
/* End PBXBuildFile section */

/* Begin PBXContainerItemProxy section */
		7989418F1CC4FC9B00967E36 /* PBXContainerItemProxy */ = {
			isa = PBXContainerItemProxy;
			containerPortal = 7989416D1CC4FC9B00967E36 /* Project object */;
			proxyType = 1;
			remoteGlobalIDString = 798941741CC4FC9B00967E36;
			remoteInfo = test;
		};
		7989419A1CC4FC9B00967E36 /* PBXContainerItemProxy */ = {
			isa = PBXContainerItemProxy;
			containerPortal = 7989416D1CC4FC9B00967E36 /* Project object */;
			proxyType = 1;
			remoteGlobalIDString = 798941741CC4FC9B00967E36;
			remoteInfo = test;
		};
/* End PBXContainerItemProxy section */

/* Begin PBXFileReference section */
		798941751CC4FC9B00967E36 /* test.app */ = {isa = PBXFileReference; explicitFileType = wrapper.application; includeInIndex = 0; path = test.app; sourceTree = BUILT_PRODUCTS_DIR; };
		798941791CC4FC9B00967E36 /* main.m */ = {isa = PBXFileReference; lastKnownFileType = sourcecode.c.objc; path = main.m; sourceTree = "<group>"; };
		7989417B1CC4FC9B00967E36 /* AppDelegate.h */ = {isa = PBXFileReference; lastKnownFileType = sourcecode.c.h; path = AppDelegate.h; sourceTree = "<group>"; };
		7989417C1CC4FC9B00967E36 /* AppDelegate.m */ = {isa = PBXFileReference; lastKnownFileType = sourcecode.c.objc; path = AppDelegate.m; sourceTree = "<group>"; };
		7989417E1CC4FC9B00967E36 /* ViewController.h */ = {isa = PBXFileReference; lastKnownFileType = sourcecode.c.h; path = ViewController.h; sourceTree = "<group>"; };
		7989417F1CC4FC9B00967E36 /* ViewController.m */ = {isa = PBXFileReference; lastKnownFileType = sourcecode.c.objc; path = ViewController.m; sourceTree = "<group>"; };
		798941821CC4FC9B00967E36 /* Base */ = {isa = PBXFileReference; lastKnownFileType = file.storyboard; name = Base; path = Base.lproj/Main.storyboard; sourceTree = "<group>"; };
		798941841CC4FC9B00967E36 /* Assets.xcassets */ = {isa = PBXFileReference; lastKnownFileType = folder.assetcatalog; path = Assets.xcassets; sourceTree = "<group>"; };
		798941871CC4FC9B00967E36 /* Base */ = {isa = PBXFileReference; lastKnownFileType = file.storyboard; name = Base; path = Base.lproj/LaunchScreen.storyboard; sourceTree = "<group>"; };
		798941891CC4FC9B00967E36 /* Info.plist */ = {isa = PBXFileReference; lastKnownFileType = text.plist.xml; path = Info.plist; sourceTree = "<group>"; };
		7989418E1CC4FC9B00967E36 /* testTests.xctest */ = {isa = PBXFileReference; explicitFileType = wrapper.cfbundle; includeInIndex = 0; path = testTests.xctest; sourceTree = BUILT_PRODUCTS_DIR; };
		798941921CC4FC9B00967E36 /* testTests.m */ = {isa = PBXFileReference; lastKnownFileType = sourcecode.c.objc; path = testTests.m; sourceTree = "<group>"; };
		798941941CC4FC9B00967E36 /* Info.plist */ = {isa = PBXFileReference; lastKnownFileType = text.plist.xml; path = Info.plist; sourceTree = "<group>"; };
		798941991CC4FC9B00967E36 /* testUITests.xctest */ = {isa = PBXFileReference; explicitFileType = wrapper.cfbundle; includeInIndex = 0; path = testUITests.xctest; sourceTree = BUILT_PRODUCTS_DIR; };
		7989419D1CC4FC9B00967E36 /* testUITests.m */ = {isa = PBXFileReference; lastKnownFileType = sourcecode.c.objc; path = testUITests.m; sourceTree = "<group>"; };
		7989419F1CC4FC9B00967E36 /* Info.plist */ = {isa = PBXFileReference; lastKnownFileType = text.plist.xml; path = Info.plist; sourceTree = "<group>"; };
/* End PBXFileReference section */

/* Begin PBXFrameworksBuildPhase section */
		798941721CC4FC9B00967E36 /* Frameworks */ = {
			isa = PBXFrameworksBuildPhase;
			buildActionMask = 2147483647;
			files = (
			);
			runOnlyForDeploymentPostprocessing = 0;
		};
		7989418B1CC4FC9B00967E36 /* Frameworks */ = {
			isa = PBXFrameworksBuildPhase;
			buildActionMask = 2147483647;
			files = (
			);
			runOnlyForDeploymentPostprocessing = 0;
		};
		798941961CC4FC9B00967E36 /* Frameworks */ = {
			isa = PBXFrameworksBuildPhase;
			buildActionMask = 2147483647;
			files = (
			);
			runOnlyForDeploymentPostprocessing = 0;
		};
/* End PBXFrameworksBuildPhase section */

/* Begin PBXGroup section */
		7989416C1CC4FC9B00967E36 = {
			isa = PBXGroup;
			children = (
				798941771CC4FC9B00967E36 /* test */,
				798941911CC4FC9B00967E36 /* testTests */,
				7989419C1CC4FC9B00967E36 /* testUITests */,
				798941761CC4FC9B00967E36 /* Products */,
			);
			sourceTree = "<group>";
		};
		798941761CC4FC9B00967E36 /* Products */ = {
			isa = PBXGroup;
			children = (
				798941751CC4FC9B00967E36 /* test.app */,
				7989418E1CC4FC9B00967E36 /* testTests.xctest */,
				798941991CC4FC9B00967E36 /* testUITests.xctest */,
			);
			name = Products;
			sourceTree = "<group>";
		};
		798941771CC4FC9B00967E36 /* test */ = {
			isa = PBXGroup;
			children = (
				7989417B1CC4FC9B00967E36 /* AppDelegate.h */,
				7989417C1CC4FC9B00967E36 /* AppDelegate.m */,
				7989417E1CC4FC9B00967E36 /* ViewController.h */,
				7989417F1CC4FC9B00967E36 /* ViewController.m */,
				798941811CC4FC9B00967E36 /* Main.storyboard */,
				798941841CC4FC9B00967E36 /* Assets.xcassets */,
				798941861CC4FC9B00967E36 /* LaunchScreen.storyboard */,
				798941891CC4FC9B00967E36 /* Info.plist */,
				798941781CC4FC9B00967E36 /* Supporting Files */,
			);
			path = test;
			sourceTree = "<group>";
		};
		798941781CC4FC9B00967E36 /* Supporting Files */ = {
			isa = PBXGroup;
			children = (
				798941791CC4FC9B00967E36 /* main.m */,
			);
			name = "Supporting Files";
			sourceTree = "<group>";
		};
		798941911CC4FC9B00967E36 /* testTests */ = {
			isa = PBXGroup;
			children = (
				798941921CC4FC9B00967E36 /* testTests.m */,
				798941941CC4FC9B00967E36 /* Info.plist */,
			);
			path = testTests;
			sourceTree = "<group>";
		};
		7989419C1CC4FC9B00967E36 /* testUITests */ = {
			isa = PBXGroup;
			children = (
				7989419D1CC4FC9B00967E36 /* testUITests.m */,
				7989419F1CC4FC9B00967E36 /* Info.plist */,
			);
			path = testUITests;
			sourceTree = "<group>";
		};
/* End PBXGroup section */

/* Begin PBXNativeTarget section */
		798941741CC4FC9B00967E36 /* test */ = {
			isa = PBXNativeTarget;
			buildConfigurationList = 798941A21CC4FC9B00967E36 /* Build configuration list for PBXNativeTarget "test" */;
			buildPhases = (
				798941711CC4FC9B00967E36 /* Sources */,
				798941721CC4FC9B00967E36 /* Frameworks */,
				798941731CC4FC9B00967E36 /* Resources */,
			);
			buildRules = (
			);
			dependencies = (
			);
			name = test;
			productName = test;
			productReference = 798941751CC4FC9B00967E36 /* test.app */;
			productType = "com.apple.product-type.application";
		};
		7989418D1CC4FC9B00967E36 /* testTests */ = {
			isa = PBXNativeTarget;
			buildConfigurationList = 798941A51CC4FC9B00967E36 /* Build configuration list for PBXNativeTarget "testTests" */;
			buildPhases = (
				7989418A1CC4FC9B00967E36 /* Sources */,
				7989418B1CC4FC9B00967E36 /* Frameworks */,
				7989418C1CC4FC9B00967E36 /* Resources */,
			);
			buildRules = (
			);
			dependencies = (
				798941901CC4FC9B00967E36 /* PBXTargetDependency */,
			);
			name = testTests;
			productName = testTests;
			productReference = 7989418E1CC4FC9B00967E36 /* testTests.xctest */;
			productType = "com.apple.product-type.bundle.unit-test";
		};
		798941981CC4FC9B00967E36 /* testUITests */ = {
			isa = PBXNativeTarget;
			buildConfigurationList = 798941A81CC4FC9B00967E36 /* Build configuration list for PBXNativeTarget "testUITests" */;
			buildPhases = (
				798941951CC4FC9B00967E36 /* Sources */,
				798941961CC4FC9B00967E36 /* Frameworks */,
				798941971CC4FC9B00967E36 /* Resources */,
			);
			buildRules = (
			);
			dependencies = (
				7989419B1CC4FC9B00967E36 /* PBXTargetDependency */,
			);
			name = testUITests;
			productName = testUITests;
			productReference = 798941991CC4FC9B00967E36 /* testUITests.xctest */;
			productType = "com.apple.product-type.bundle.ui-testing";
		};
/* End PBXNativeTarget section */

/* Begin PBXProject section */
		7989416D1CC4FC9B00967E36 /* Project object */ = {
			isa = PBXProject;
			attributes = {
				LastUpgradeCheck = 0720;
				ORGANIZATIONNAME = lanou;
				TargetAttributes = {
					798941741CC4FC9B00967E36 = {
						CreatedOnToolsVersion = 7.2.1;
					};
					7989418D1CC4FC9B00967E36 = {
						CreatedOnToolsVersion = 7.2.1;
						TestTargetID = 798941741CC4FC9B00967E36;
					};
					798941981CC4FC9B00967E36 = {
						CreatedOnToolsVersion = 7.2.1;
						TestTargetID = 798941741CC4FC9B00967E36;
					};
				};
			};
			buildConfigurationList = 798941701CC4FC9B00967E36 /* Build configuration list for PBXProject "test" */;
			compatibilityVersion = "Xcode 3.2";
			developmentRegion = English;
			hasScannedForEncodings = 0;
			knownRegions = (
				en,
				Base,
			);
			mainGroup = 7989416C1CC4FC9B00967E36;
			productRefGroup = 798941761CC4FC9B00967E36 /* Products */;
			projectDirPath = "";
			projectRoot = "";
			targets = (
				798941741CC4FC9B00967E36 /* test */,
				7989418D1CC4FC9B00967E36 /* testTests */,
				798941981CC4FC9B00967E36 /* testUITests */,
			);
		};
/* End PBXProject section */

/* Begin PBXResourcesBuildPhase section */
		798941731CC4FC9B00967E36 /* Resources */ = {
			isa = PBXResourcesBuildPhase;
			buildActionMask = 2147483647;
			files = (
				798941881CC4FC9B00967E36 /* LaunchScreen.storyboard in Resources */,
				798941851CC4FC9B00967E36 /* Assets.xcassets in Resources */,
				798941831CC4FC9B00967E36 /* Main.storyboard in Resources */,
			);
			runOnlyForDeploymentPostprocessing = 0;
		};
		7989418C1CC4FC9B00967E36 /* Resources */ = {
			isa = PBXResourcesBuildPhase;
			buildActionMask = 2147483647;
			files = (
			);
			runOnlyForDeploymentPostprocessing = 0;
		};
		798941971CC4FC9B00967E36 /* Resources */ = {
			isa = PBXResourcesBuildPhase;
			buildActionMask = 2147483647;
			files = (
			);
			runOnlyForDeploymentPostprocessing = 0;
		};
/* End PBXResourcesBuildPhase section */

/* Begin PBXSourcesBuildPhase section */
		798941711CC4FC9B00967E36 /* Sources */ = {
			isa = PBXSourcesBuildPhase;
			buildActionMask = 2147483647;
			files = (
				798941801CC4FC9B00967E36 /* ViewController.m in Sources */,
				7989417D1CC4FC9B00967E36 /* AppDelegate.m in Sources */,
				7989417A1CC4FC9B00967E36 /* main.m in Sources */,
			);
			runOnlyForDeploymentPostprocessing = 0;
		};
		7989418A1CC4FC9B00967E36 /* Sources */ = {
			isa = PBXSourcesBuildPhase;
			buildActionMask = 2147483647;
			files = (
				798941931CC4FC9B00967E36 /* testTests.m in Sources */,
			);
			runOnlyForDeploymentPostprocessing = 0;
		};
		798941951CC4FC9B00967E36 /* Sources */ = {
			isa = PBXSourcesBuildPhase;
			buildActionMask = 2147483647;
			files = (
				7989419E1CC4FC9B00967E36 /* testUITests.m in Sources */,
			);
			runOnlyForDeploymentPostprocessing = 0;
		};
/* End PBXSourcesBuildPhase section */

/* Begin PBXTargetDependency section */
		798941901CC4FC9B00967E36 /* PBXTargetDependency */ = {
			isa = PBXTargetDependency;
			target = 798941741CC4FC9B00967E36 /* test */;
			targetProxy = 7989418F1CC4FC9B00967E36 /* PBXContainerItemProxy */;
		};
		7989419B1CC4FC9B00967E36 /* PBXTargetDependency */ = {
			isa = PBXTargetDependency;
			target = 798941741CC4FC9B00967E36 /* test */;
			targetProxy = 7989419A1CC4FC9B00967E36 /* PBXContainerItemProxy */;
		};
/* End PBXTargetDependency section */

/* Begin PBXVariantGroup section */
		798941811CC4FC9B00967E36 /* Main.storyboard */ = {
			isa = PBXVariantGroup;
			children = (
				798941821CC4FC9B00967E36 /* Base */,
			);
			name = Main.storyboard;
			sourceTree = "<group>";
		};
		798941861CC4FC9B00967E36 /* LaunchScreen.storyboard */ = {
			isa = PBXVariantGroup;
			children = (
				798941871CC4FC9B00967E36 /* Base */,
			);
			name = LaunchScreen.storyboard;
			sourceTree = "<group>";
		};
/* End PBXVariantGroup section */

/* Begin XCBuildConfiguration section */
		798941A01CC4FC9B00967E36 /* Debug */ = {
			isa = XCBuildConfiguration;
			buildSettings = {
				ALWAYS_SEARCH_USER_PATHS = NO;
				CLANG_CXX_LANGUAGE_STANDARD = "gnu++0x";
				CLANG_CXX_LIBRARY = "libc++";
				CLANG_ENABLE_MODULES = YES;
				CLANG_ENABLE_OBJC_ARC = YES;
				CLANG_WARN_BOOL_CONVERSION = YES;
				CLANG_WARN_CONSTANT_CONVERSION = YES;
				CLANG_WARN_DIRECT_OBJC_ISA_USAGE = YES_ERROR;
				CLANG_WARN_EMPTY_BODY = YES;
				CLANG_WARN_ENUM_CONVERSION = YES;
				CLANG_WARN_INT_CONVERSION = YES;
				CLANG_WARN_OBJC_ROOT_CLASS = YES_ERROR;
				CLANG_WARN_UNREACHABLE_CODE = YES;
				CLANG_WARN__DUPLICATE_METHOD_MATCH = YES;
				"CODE_SIGN_IDENTITY[sdk=iphoneos*]" = "iPhone Developer";
				COPY_PHASE_STRIP = NO;
				DEBUG_INFORMATION_FORMAT = dwarf;
				ENABLE_STRICT_OBJC_MSGSEND = YES;
				ENABLE_TESTABILITY = YES;
				GCC_C_LANGUAGE_STANDARD = gnu99;
				GCC_DYNAMIC_NO_PIC = NO;
				GCC_NO_COMMON_BLOCKS = YES;
				GCC_OPTIMIZATION_LEVEL = 0;
				GCC_PREPROCESSOR_DEFINITIONS = (
					"DEBUG=1",
					"$(inherited)",
				);
				GCC_WARN_64_TO_32_BIT_CONVERSION = YES;
				GCC_WARN_ABOUT_RETURN_TYPE = YES_ERROR;
				GCC_WARN_UNDECLARED_SELECTOR = YES;
				GCC_WARN_UNINITIALIZED_AUTOS = YES_AGGRESSIVE;
				GCC_WARN_UNUSED_FUNCTION = YES;
				GCC_WARN_UNUSED_VARIABLE = YES;
				IPHONEOS_DEPLOYMENT_TARGET = 9.2;
				MTL_ENABLE_DEBUG_INFO = YES;
				ONLY_ACTIVE_ARCH = YES;
				SDKROOT = iphoneos;
				TARGETED_DEVICE_FAMILY = "1,2";
			};
			name = Debug;
		};
		798941A11CC4FC9B00967E36 /* Release */ = {
			isa = XCBuildConfiguration;
			buildSettings = {
				ALWAYS_SEARCH_USER_PATHS = NO;
				CLANG_CXX_LANGUAGE_STANDARD = "gnu++0x";
				CLANG_CXX_LIBRARY = "libc++";
				CLANG_ENABLE_MODULES = YES;
				CLANG_ENABLE_OBJC_ARC = YES;
				CLANG_WARN_BOOL_CONVERSION = YES;
				CLANG_WARN_CONSTANT_CONVERSION = YES;
				CLANG_WARN_DIRECT_OBJC_ISA_USAGE = YES_ERROR;
				CLANG_WARN_EMPTY_BODY = YES;
				CLANG_WARN_ENUM_CONVERSION = YES;
				CLANG_WARN_INT_CONVERSION = YES;
				CLANG_WARN_OBJC_ROOT_CLASS = YES_ERROR;
				CLANG_WARN_UNREACHABLE_CODE = YES;
				CLANG_WARN__DUPLICATE_METHOD_MATCH = YES;
				"CODE_SIGN_IDENTITY[sdk=iphoneos*]" = "iPhone Developer";
				COPY_PHASE_STRIP = NO;
				DEBUG_INFORMATION_FORMAT = "dwarf-with-dsym";
				ENABLE_NS_ASSERTIONS = NO;
				ENABLE_STRICT_OBJC_MSGSEND = YES;
				GCC_C_LANGUAGE_STANDARD = gnu99;
				GCC_NO_COMMON_BLOCKS = YES;
				GCC_WARN_64_TO_32_BIT_CONVERSION = YES;
				GCC_WARN_ABOUT_RETURN_TYPE = YES_ERROR;
				GCC_WARN_UNDECLARED_SELECTOR = YES;
				GCC_WARN_UNINITIALIZED_AUTOS = YES_AGGRESSIVE;
				GCC_WARN_UNUSED_FUNCTION = YES;
				GCC_WARN_UNUSED_VARIABLE = YES;
				IPHONEOS_DEPLOYMENT_TARGET = 9.2;
				MTL_ENABLE_DEBUG_INFO = NO;
				SDKROOT = iphoneos;
				TARGETED_DEVICE_FAMILY = "1,2";
				VALIDATE_PRODUCT = YES;
			};
			name = Release;
		};
		798941A31CC4FC9B00967E36 /* Debug */ = {
			isa = XCBuildConfiguration;
			buildSettings = {
				ASSETCATALOG_COMPILER_APPICON_NAME = AppIcon;
				INFOPLIST_FILE = test/Info.plist;
				LD_RUNPATH_SEARCH_PATHS = "$(inherited) @executable_path/Frameworks";
				PRODUCT_BUNDLE_IDENTIFIER = lanou.test;
				PRODUCT_NAME = "$(TARGET_NAME)";
			};
			name = Debug;
		};
		798941A41CC4FC9B00967E36 /* Release */ = {
			isa = XCBuildConfiguration;
			buildSettings = {
				ASSETCATALOG_COMPILER_APPICON_NAME = AppIcon;
				INFOPLIST_FILE = test/Info.plist;
				LD_RUNPATH_SEARCH_PATHS = "$(inherited) @executable_path/Frameworks";
				PRODUCT_BUNDLE_IDENTIFIER = lanou.test;
				PRODUCT_NAME = "$(TARGET_NAME)";
			};
			name = Release;
		};
		798941A61CC4FC9B00967E36 /* Debug */ = {
			isa = XCBuildConfiguration;
			buildSettings = {
				BUNDLE_LOADER = "$(TEST_HOST)";
				INFOPLIST_FILE = testTests/Info.plist;
				LD_RUNPATH_SEARCH_PATHS = "$(inherited) @executable_path/Frameworks @loader_path/Frameworks";
				PRODUCT_BUNDLE_IDENTIFIER = lanou.testTests;
				PRODUCT_NAME = "$(TARGET_NAME)";
				TEST_HOST = "$(BUILT_PRODUCTS_DIR)/test.app/test";
			};
			name = Debug;
		};
		798941A71CC4FC9B00967E36 /* Release */ = {
			isa = XCBuildConfiguration;
			buildSettings = {
				BUNDLE_LOADER = "$(TEST_HOST)";
				INFOPLIST_FILE = testTests/Info.plist;
				LD_RUNPATH_SEARCH_PATHS = "$(inherited) @executable_path/Frameworks @loader_path/Frameworks";
				PRODUCT_BUNDLE_IDENTIFIER = lanou.testTests;
				PRODUCT_NAME = "$(TARGET_NAME)";
				TEST_HOST = "$(BUILT_PRODUCTS_DIR)/test.app/test";
			};
			name = Release;
		};
		798941A91CC4FC9B00967E36 /* Debug */ = {
			isa = XCBuildConfiguration;
			buildSettings = {
				INFOPLIST_FILE = testUITests/Info.plist;
				LD_RUNPATH_SEARCH_PATHS = "$(inherited) @executable_path/Frameworks @loader_path/Frameworks";
				PRODUCT_BUNDLE_IDENTIFIER = lanou.testUITests;
				PRODUCT_NAME = "$(TARGET_NAME)";
				TEST_TARGET_NAME = test;
				USES_XCTRUNNER = YES;
			};
			name = Debug;
		};
		798941AA1CC4FC9B00967E36 /* Release */ = {
			isa = XCBuildConfiguration;
			buildSettings = {
				INFOPLIST_FILE = testUITests/Info.plist;
				LD_RUNPATH_SEARCH_PATHS = "$(inherited) @executable_path/Frameworks @loader_path/Frameworks";
				PRODUCT_BUNDLE_IDENTIFIER = lanou.testUITests;
				PRODUCT_NAME = "$(TARGET_NAME)";
				TEST_TARGET_NAME = test;
				USES_XCTRUNNER = YES;
			};
			name = Release;
		};
/* End XCBuildConfiguration section */

/* Begin XCConfigurationList section */
		798941701CC4FC9B00967E36 /* Build configuration list for PBXProject "test" */ = {
			isa = XCConfigurationList;
			buildConfigurations = (
				798941A01CC4FC9B00967E36 /* Debug */,
				798941A11CC4FC9B00967E36 /* Release */,
			);
			defaultConfigurationIsVisible = 0;
			defaultConfigurationName = Release;
		};
		798941A21CC4FC9B00967E36 /* Build configuration list for PBXNativeTarget "test" */ = {
			isa = XCConfigurationList;
			buildConfigurations = (
				798941A31CC4FC9B00967E36 /* Debug */,
				798941A41CC4FC9B00967E36 /* Release */,
			);
			defaultConfigurationIsVisible = 0;
		};
		798941A51CC4FC9B00967E36 /* Build configuration list for PBXNativeTarget "testTests" */ = {
			isa = XCConfigurationList;
			buildConfigurations = (
				798941A61CC4FC9B00967E36 /* Debug */,
				798941A71CC4FC9B00967E36 /* Release */,
			);
			defaultConfigurationIsVisible = 0;
		};
		798941A81CC4FC9B00967E36 /* Build configuration list for PBXNativeTarget "testUITests" */ = {
			isa = XCConfigurationList;
			buildConfigurations = (
				798941A91CC4FC9B00967E36 /* Debug */,
				798941AA1CC4FC9B00967E36 /* Release */,
			);
			defaultConfigurationIsVisible = 0;
		};
/* End XCConfigurationList section */
	};
	rootObject = 7989416D1CC4FC9B00967E36 /* Project object */;
}
